
Microsoft Visual Studio Solution File, Format Version 12.00
# Visual Studio 15
VisualStudioVersion = 15.0.28307.779
MinimumVisualStudioVersion = 10.0.40219.1
Project("{FAE04EC0-301F-11D3-BF4B-00C04F79EFBC}") = "MachineLearning", "MachineLearning\MachineLearning.csproj", "{6F852C4A-065C-4D6F-8E75-C7CF044094C8}"
EndProject
Project("{FAE04EC0-301F-11D3-BF4B-00C04F79EFBC}") = "OOPerceptron", "OOPerceptron\OOPerceptron.csproj", "{BDC4A065-E128-45EE-8217-B3D5E67AE547}"
EndProject
Global
	GlobalSection(SolutionConfigurationPlatforms) = preSolution
		Debug|Any CPU = Debug|Any CPU
		Release|Any CPU = Release|Any CPU
	EndGlobalSection
	GlobalSection(ProjectConfigurationPlatforms) = postSolution
		{6F852C4A-065C-4D6F-8E75-C7CF044094C8}.Debug|Any CPU.ActiveCfg = Debug|Any CPU
		{6F852C4A-065C-4D6F-8E75-C7CF044094C8}.Debug|Any CPU.Build.0 = Debug|Any CPU
		{6F852C4A-065C-4D6F-8E75-C7CF044094C8}.Release|Any CPU.ActiveCfg = Release|Any CPU
		{6F852C4A-065C-4D6F-8E75-C7CF044094C8}.Release|Any CPU.Build.0 = Release|Any CPU
		{BDC4A065-E128-45EE-8217-B3D5E67AE547}.Debug|Any CPU.ActiveCfg = Debug|Any CPU
		{BDC4A065-E128-45EE-8217-B3D5E67AE547}.Debug|Any CPU.Build.0 = Debug|Any CPU
		{BDC4A065-E128-45EE-8217-B3D5E67AE547}.Release|Any CPU.ActiveCfg = Release|Any CPU
		{BDC4A065-E128-45EE-8217-B3D5E67AE547}.Release|Any CPU.Build.0 = Release|Any CPU
	EndGlobalSection
	GlobalSection(SolutionProperties) = preSolution
		HideSolutionNode = FALSE
	EndGlobalSection
	GlobalSection(ExtensibilityGlobals) = postSolution
		SolutionGuid = {055988F6-84F6-4322-8637-5721F8CE07DC}
	EndGlobalSection
EndGlobal
