
Microsoft Visual Studio Solution File, Format Version 12.00
# Visual Studio Version 16
VisualStudioVersion = 16.0.30503.244
MinimumVisualStudioVersion = 10.0.40219.1
Project("{9A19103F-16F7-4668-BE54-9A1E7A4F7556}") = "MachineLearning", "MachineLearning\MachineLearning.csproj", "{6F852C4A-065C-4D6F-8E75-C7CF044094C8}"
EndProject
Global
	GlobalSection(SolutionConfigurationPlatforms) = preSolution
		Debug|Any CPU = Debug|Any CPU
		Release|Any CPU = Release|Any CPU
	EndGlobalSection
	GlobalSection(ProjectConfigurationPlatforms) = postSolution
		{6F852C4A-065C-4D6F-8E75-C7CF044094C8}.Debug|Any CPU.ActiveCfg = Debug|Any CPU
		{6F852C4A-065C-4D6F-8E75-C7CF044094C8}.Debug|Any CPU.Build.0 = Debug|Any CPU
		{6F852C4A-065C-4D6F-8E75-C7CF044094C8}.Release|Any CPU.ActiveCfg = Release|Any CPU
		{6F852C4A-065C-4D6F-8E75-C7CF044094C8}.Release|Any CPU.Build.0 = Release|Any CPU
	EndGlobalSection
	GlobalSection(SolutionProperties) = preSolution
		HideSolutionNode = FALSE
	EndGlobalSection
	GlobalSection(ExtensibilityGlobals) = postSolution
		SolutionGuid = {055988F6-84F6-4322-8637-5721F8CE07DC}
	EndGlobalSection
EndGlobal
